// !$*UTF8*$!
{
	archiveVersion = 1;
	classes = {
	};
	objectVersion = 50;
	objects = {

/* Begin PBXBuildFile section */
		083BE8A624EE0B9500BCAA89 /* AppDelegate.swift in Sources */ = {isa = PBXBuildFile; fileRef = 083BE8A524EE0B9500BCAA89 /* AppDelegate.swift */; };
		083BE8A824EE0B9500BCAA89 /* SceneDelegate.swift in Sources */ = {isa = PBXBuildFile; fileRef = 083BE8A724EE0B9500BCAA89 /* SceneDelegate.swift */; };
		083BE8AA24EE0B9500BCAA89 /* ViewController.swift in Sources */ = {isa = PBXBuildFile; fileRef = 083BE8A924EE0B9500BCAA89 /* ViewController.swift */; };
		083BE8AD24EE0B9500BCAA89 /* Main.storyboard in Resources */ = {isa = PBXBuildFile; fileRef = 083BE8AB24EE0B9500BCAA89 /* Main.storyboard */; };
		083BE8AF24EE0B9C00BCAA89 /* Assets.xcassets in Resources */ = {isa = PBXBuildFile; fileRef = 083BE8AE24EE0B9C00BCAA89 /* Assets.xcassets */; };
		083BE8B224EE0B9C00BCAA89 /* LaunchScreen.storyboard in Resources */ = {isa = PBXBuildFile; fileRef = 083BE8B024EE0B9C00BCAA89 /* LaunchScreen.storyboard */; };
/* End PBXBuildFile section */

/* Begin PBXFileReference section */
		083BE8A224EE0B9500BCAA89 /* Leave a Tip.app */ = {isa = PBXFileReference; explicitFileType = wrapper.application; includeInIndex = 0; path = "Leave a Tip.app"; sourceTree = BUILT_PRODUCTS_DIR; };
		083BE8A524EE0B9500BCAA89 /* AppDelegate.swift */ = {isa = PBXFileReference; lastKnownFileType = sourcecode.swift; path = AppDelegate.swift; sourceTree = "<group>"; };
		083BE8A724EE0B9500BCAA89 /* SceneDelegate.swift */ = {isa = PBXFileReference; lastKnownFileType = sourcecode.swift; path = SceneDelegate.swift; sourceTree = "<group>"; };
		083BE8A924EE0B9500BCAA89 /* ViewController.swift */ = {isa = PBXFileReference; lastKnownFileType = sourcecode.swift; path = ViewController.swift; sourceTree = "<group>"; };
		083BE8AC24EE0B9500BCAA89 /* Base */ = {isa = PBXFileReference; lastKnownFileType = file.storyboard; name = Base; path = Base.lproj/Main.storyboard; sourceTree = "<group>"; };
		083BE8AE24EE0B9C00BCAA89 /* Assets.xcassets */ = {isa = PBXFileReference; lastKnownFileType = folder.assetcatalog; path = Assets.xcassets; sourceTree = "<group>"; };
		083BE8B124EE0B9C00BCAA89 /* Base */ = {isa = PBXFileReference; lastKnownFileType = file.storyboard; name = Base; path = Base.lproj/LaunchScreen.storyboard; sourceTree = "<group>"; };
		083BE8B324EE0B9C00BCAA89 /* Info.plist */ = {isa = PBXFileReference; lastKnownFileType = text.plist.xml; path = Info.plist; sourceTree = "<group>"; };
/* End PBXFileReference section */

/* Begin PBXFrameworksBuildPhase section */
		083BE89F24EE0B9500BCAA89 /* Frameworks */ = {
			isa = PBXFrameworksBuildPhase;
			buildActionMask = 2147483647;
			files = (
			);
			runOnlyForDeploymentPostprocessing = 0;
		};
/* End PBXFrameworksBuildPhase section */

/* Begin PBXGroup section */
		083BE89924EE0B9500BCAA89 = {
			isa = PBXGroup;
			children = (
				083BE8A424EE0B9500BCAA89 /* Leave a Tip */,
				083BE8A324EE0B9500BCAA89 /* Products */,
			);
			sourceTree = "<group>";
		};
		083BE8A324EE0B9500BCAA89 /* Products */ = {
			isa = PBXGroup;
			children = (
				083BE8A224EE0B9500BCAA89 /* Leave a Tip.app */,
			);
			name = Products;
			sourceTree = "<group>";
		};
		083BE8A424EE0B9500BCAA89 /* Leave a Tip */ = {
			isa = PBXGroup;
			children = (
				083BE8A524EE0B9500BCAA89 /* AppDelegate.swift */,
				083BE8A724EE0B9500BCAA89 /* SceneDelegate.swift */,
				083BE8A924EE0B9500BCAA89 /* ViewController.swift */,
				083BE8AB24EE0B9500BCAA89 /* Main.storyboard */,
				083BE8AE24EE0B9C00BCAA89 /* Assets.xcassets */,
				083BE8B024EE0B9C00BCAA89 /* LaunchScreen.storyboard */,
				083BE8B324EE0B9C00BCAA89 /* Info.plist */,
			);
			path = "Leave a Tip";
			sourceTree = "<group>";
		};
/* End PBXGroup section */

/* Begin PBXNativeTarget section */
		083BE8A124EE0B9500BCAA89 /* Leave a Tip */ = {
			isa = PBXNativeTarget;
			buildConfigurationList = 083BE8B624EE0B9C00BCAA89 /* Build configuration list for PBXNativeTarget "Leave a Tip" */;
			buildPhases = (
				083BE89E24EE0B9500BCAA89 /* Sources */,
				083BE89F24EE0B9500BCAA89 /* Frameworks */,
				083BE8A024EE0B9500BCAA89 /* Resources */,
			);
			buildRules = (
			);
			dependencies = (
			);
			name = "Leave a Tip";
			productName = "Leave a Tip";
			productReference = 083BE8A224EE0B9500BCAA89 /* Leave a Tip.app */;
			productType = "com.apple.product-type.application";
		};
/* End PBXNativeTarget section */

/* Begin PBXProject section */
		083BE89A24EE0B9500BCAA89 /* Project object */ = {
			isa = PBXProject;
			attributes = {
				LastSwiftUpdateCheck = 1160;
				LastUpgradeCheck = 1160;
				ORGANIZATIONNAME = "David Morales";
				TargetAttributes = {
					083BE8A124EE0B9500BCAA89 = {
						CreatedOnToolsVersion = 11.6;
					};
				};
			};
			buildConfigurationList = 083BE89D24EE0B9500BCAA89 /* Build configuration list for PBXProject "Leave a Tip" */;
			compatibilityVersion = "Xcode 9.3";
			developmentRegion = en;
			hasScannedForEncodings = 0;
			knownRegions = (
				en,
				Base,
			);
			mainGroup = 083BE89924EE0B9500BCAA89;
			productRefGroup = 083BE8A324EE0B9500BCAA89 /* Products */;
			projectDirPath = "";
			projectRoot = "";
			targets = (
				083BE8A124EE0B9500BCAA89 /* Leave a Tip */,
			);
		};
/* End PBXProject section */

/* Begin PBXResourcesBuildPhase section */
		083BE8A024EE0B9500BCAA89 /* Resources */ = {
			isa = PBXResourcesBuildPhase;
			buildActionMask = 2147483647;
			files = (
				083BE8B224EE0B9C00BCAA89 /* LaunchScreen.storyboard in Resources */,
				083BE8AF24EE0B9C00BCAA89 /* Assets.xcassets in Resources */,
				083BE8AD24EE0B9500BCAA89 /* Main.storyboard in Resources */,
			);
			runOnlyForDeploymentPostprocessing = 0;
		};
/* End PBXResourcesBuildPhase section */

/* Begin PBXSourcesBuildPhase section */
		083BE89E24EE0B9500BCAA89 /* Sources */ = {
			isa = PBXSourcesBuildPhase;
			buildActionMask = 2147483647;
			files = (
				083BE8AA24EE0B9500BCAA89 /* ViewController.swift in Sources */,
				083BE8A624EE0B9500BCAA89 /* AppDelegate.swift in Sources */,
				083BE8A824EE0B9500BCAA89 /* SceneDelegate.swift in Sources */,
			);
			runOnlyForDeploymentPostprocessing = 0;
		};
/* End PBXSourcesBuildPhase section */

/* Begin PBXVariantGroup section */
		083BE8AB24EE0B9500BCAA89 /* Main.storyboard */ = {
			isa = PBXVariantGroup;
			children = (
				083BE8AC24EE0B9500BCAA89 /* Base */,
			);
			name = Main.storyboard;
			sourceTree = "<group>";
		};
		083BE8B024EE0B9C00BCAA89 /* LaunchScreen.storyboard */ = {
			isa = PBXVariantGroup;
			children = (
				083BE8B124EE0B9C00BCAA89 /* Base */,
			);
			name = LaunchScreen.storyboard;
			sourceTree = "<group>";
		};
/* End PBXVariantGroup section */

/* Begin XCBuildConfiguration section */
		083BE8B424EE0B9C00BCAA89 /* Debug */ = {
			isa = XCBuildConfiguration;
			buildSettings = {
				ALWAYS_SEARCH_USER_PATHS = NO;
				CLANG_ANALYZER_NONNULL = YES;
				CLANG_ANALYZER_NUMBER_OBJECT_CONVERSION = YES_AGGRESSIVE;
				CLANG_CXX_LANGUAGE_STANDARD = "gnu++14";
				CLANG_CXX_LIBRARY = "libc++";
				CLANG_ENABLE_MODULES = YES;
				CLANG_ENABLE_OBJC_ARC = YES;
				CLANG_ENABLE_OBJC_WEAK = YES;
				CLANG_WARN_BLOCK_CAPTURE_AUTORELEASING = YES;
				CLANG_WARN_BOOL_CONVERSION = YES;
				CLANG_WARN_COMMA = YES;
				CLANG_WARN_CONSTANT_CONVERSION = YES;
				CLANG_WARN_DEPRECATED_OBJC_IMPLEMENTATIONS = YES;
				CLANG_WARN_DIRECT_OBJC_ISA_USAGE = YES_ERROR;
				CLANG_WARN_DOCUMENTATION_COMMENTS = YES;
				CLANG_WARN_EMPTY_BODY = YES;
				CLANG_WARN_ENUM_CONVERSION = YES;
				CLANG_WARN_INFINITE_RECURSION = YES;
				CLANG_WARN_INT_CONVERSION = YES;
				CLANG_WARN_NON_LITERAL_NULL_CONVERSION = YES;
				CLANG_WARN_OBJC_IMPLICIT_RETAIN_SELF = YES;
				CLANG_WARN_OBJC_LITERAL_CONVERSION = YES;
				CLANG_WARN_OBJC_ROOT_CLASS = YES_ERROR;
				CLANG_WARN_RANGE_LOOP_ANALYSIS = YES;
				CLANG_WARN_STRICT_PROTOTYPES = YES;
				CLANG_WARN_SUSPICIOUS_MOVE = YES;
				CLANG_WARN_UNGUARDED_AVAILABILITY = YES_AGGRESSIVE;
				CLANG_WARN_UNREACHABLE_CODE = YES;
				CLANG_WARN__DUPLICATE_METHOD_MATCH = YES;
				COPY_PHASE_STRIP = NO;
				DEBUG_INFORMATION_FORMAT = dwarf;
				ENABLE_STRICT_OBJC_MSGSEND = YES;
				ENABLE_TESTABILITY = YES;
				GCC_C_LANGUAGE_STANDARD = gnu11;
				GCC_DYNAMIC_NO_PIC = NO;
				GCC_NO_COMMON_BLOCKS = YES;
				GCC_OPTIMIZATION_LEVEL = 0;
				GCC_PREPROCESSOR_DEFINITIONS = (
					"DEBUG=1",
					"$(inherited)",
				);
				GCC_WARN_64_TO_32_BIT_CONVERSION = YES;
				GCC_WARN_ABOUT_RETURN_TYPE = YES_ERROR;
				GCC_WARN_UNDECLARED_SELECTOR = YES;
				GCC_WARN_UNINITIALIZED_AUTOS = YES_AGGRESSIVE;
				GCC_WARN_UNUSED_FUNCTION = YES;
				GCC_WARN_UNUSED_VARIABLE = YES;
				IPHONEOS_DEPLOYMENT_TARGET = 13.6;
				MTL_ENABLE_DEBUG_INFO = INCLUDE_SOURCE;
				MTL_FAST_MATH = YES;
				ONLY_ACTIVE_ARCH = YES;
				SDKROOT = iphoneos;
				SWIFT_ACTIVE_COMPILATION_CONDITIONS = DEBUG;
				SWIFT_OPTIMIZATION_LEVEL = "-Onone";
			};
			name = Debug;
		};
		083BE8B524EE0B9C00BCAA89 /* Release */ = {
			isa = XCBuildConfiguration;
			buildSettings = {
				ALWAYS_SEARCH_USER_PATHS = NO;
				CLANG_ANALYZER_NONNULL = YES;
				CLANG_ANALYZER_NUMBER_OBJECT_CONVERSION = YES_AGGRESSIVE;
				CLANG_CXX_LANGUAGE_STANDARD = "gnu++14";
				CLANG_CXX_LIBRARY = "libc++";
				CLANG_ENABLE_MODULES = YES;
				CLANG_ENABLE_OBJC_ARC = YES;
				CLANG_ENABLE_OBJC_WEAK = YES;
				CLANG_WARN_BLOCK_CAPTURE_AUTORELEASING = YES;
				CLANG_WARN_BOOL_CONVERSION = YES;
				CLANG_WARN_COMMA = YES;
				CLANG_WARN_CONSTANT_CONVERSION = YES;
				CLANG_WARN_DEPRECATED_OBJC_IMPLEMENTATIONS = YES;
				CLANG_WARN_DIRECT_OBJC_ISA_USAGE = YES_ERROR;
				CLANG_WARN_DOCUMENTATION_COMMENTS = YES;
				CLANG_WARN_EMPTY_BODY = YES;
				CLANG_WARN_ENUM_CONVERSION = YES;
				CLANG_WARN_INFINITE_RECURSION = YES;
				CLANG_WARN_INT_CONVERSION = YES;
				CLANG_WARN_NON_LITERAL_NULL_CONVERSION = YES;
				CLANG_WARN_OBJC_IMPLICIT_RETAIN_SELF = YES;
				CLANG_WARN_OBJC_LITERAL_CONVERSION = YES;
				CLANG_WARN_OBJC_ROOT_CLASS = YES_ERROR;
				CLANG_WARN_RANGE_LOOP_ANALYSIS = YES;
				CLANG_WARN_STRICT_PROTOTYPES = YES;
				CLANG_WARN_SUSPICIOUS_MOVE = YES;
				CLANG_WARN_UNGUARDED_AVAILABILITY = YES_AGGRESSIVE;
				CLANG_WARN_UNREACHABLE_CODE = YES;
				CLANG_WARN__DUPLICATE_METHOD_MATCH = YES;
				COPY_PHASE_STRIP = NO;
				DEBUG_INFORMATION_FORMAT = "dwarf-with-dsym";
				ENABLE_NS_ASSERTIONS = NO;
				ENABLE_STRICT_OBJC_MSGSEND = YES;
				GCC_C_LANGUAGE_STANDARD = gnu11;
				GCC_NO_COMMON_BLOCKS = YES;
				GCC_WARN_64_TO_32_BIT_CONVERSION = YES;
				GCC_WARN_ABOUT_RETURN_TYPE = YES_ERROR;
				GCC_WARN_UNDECLARED_SELECTOR = YES;
				GCC_WARN_UNINITIALIZED_AUTOS = YES_AGGRESSIVE;
				GCC_WARN_UNUSED_FUNCTION = YES;
				GCC_WARN_UNUSED_VARIABLE = YES;
				IPHONEOS_DEPLOYMENT_TARGET = 13.6;
				MTL_ENABLE_DEBUG_INFO = NO;
				MTL_FAST_MATH = YES;
				SDKROOT = iphoneos;
				SWIFT_COMPILATION_MODE = wholemodule;
				SWIFT_OPTIMIZATION_LEVEL = "-O";
				VALIDATE_PRODUCT = YES;
			};
			name = Release;
		};
		083BE8B724EE0B9C00BCAA89 /* Debug */ = {
			isa = XCBuildConfiguration;
			buildSettings = {
				ASSETCATALOG_COMPILER_APPICON_NAME = AppIcon;
				CODE_SIGN_STYLE = Automatic;
				INFOPLIST_FILE = "Leave a Tip/Info.plist";
				LD_RUNPATH_SEARCH_PATHS = (
					"$(inherited)",
					"@executable_path/Frameworks",
				);
				PRODUCT_BUNDLE_IDENTIFIER = "codepath.Leave-a-Tip";
				PRODUCT_NAME = "$(TARGET_NAME)";
				SWIFT_VERSION = 5.0;
				TARGETED_DEVICE_FAMILY = "1,2";
			};
			name = Debug;
		};
		083BE8B824EE0B9C00BCAA89 /* Release */ = {
			isa = XCBuildConfiguration;
			buildSettings = {
				ASSETCATALOG_COMPILER_APPICON_NAME = AppIcon;
				CODE_SIGN_STYLE = Automatic;
				INFOPLIST_FILE = "Leave a Tip/Info.plist";
				LD_RUNPATH_SEARCH_PATHS = (
					"$(inherited)",
					"@executable_path/Frameworks",
				);
				PRODUCT_BUNDLE_IDENTIFIER = "codepath.Leave-a-Tip";
				PRODUCT_NAME = "$(TARGET_NAME)";
				SWIFT_VERSION = 5.0;
				TARGETED_DEVICE_FAMILY = "1,2";
			};
			name = Release;
		};
/* End XCBuildConfiguration section */

/* Begin XCConfigurationList section */
		083BE89D24EE0B9500BCAA89 /* Build configuration list for PBXProject "Leave a Tip" */ = {
			isa = XCConfigurationList;
			buildConfigurations = (
				083BE8B424EE0B9C00BCAA89 /* Debug */,
				083BE8B524EE0B9C00BCAA89 /* Release */,
			);
			defaultConfigurationIsVisible = 0;
			defaultConfigurationName = Release;
		};
		083BE8B624EE0B9C00BCAA89 /* Build configuration list for PBXNativeTarget "Leave a Tip" */ = {
			isa = XCConfigurationList;
			buildConfigurations = (
				083BE8B724EE0B9C00BCAA89 /* Debug */,
				083BE8B824EE0B9C00BCAA89 /* Release */,
			);
			defaultConfigurationIsVisible = 0;
			defaultConfigurationName = Release;
		};
/* End XCConfigurationList section */
	};
	rootObject = 083BE89A24EE0B9500BCAA89 /* Project object */;
}
